
Microsoft Visual Studio Solution File, Format Version 12.00
# Visual Studio Version 17
VisualStudioVersion = 17.10.35013.160
MinimumVisualStudioVersion = 10.0.40219.1
Project("{FAE04EC0-301F-11D3-BF4B-00C04F79EFBC}") = "AddinTGM", "AddinTGM\AddinTGM.csproj", "{BAE086C4-C99F-470C-83B9-31ABD7784E3E}"
EndProject
Global
	GlobalSection(SolutionConfigurationPlatforms) = preSolution
		Debug|Any CPU = Debug|Any CPU
		Release|Any CPU = Release|Any CPU
	EndGlobalSection
	GlobalSection(ProjectConfigurationPlatforms) = postSolution
		{BAE086C4-C99F-470C-83B9-31ABD7784E3E}.Debug|Any CPU.ActiveCfg = Debug|Any CPU
		{BAE086C4-C99F-470C-83B9-31ABD7784E3E}.Debug|Any CPU.Build.0 = Debug|Any CPU
		{BAE086C4-C99F-470C-83B9-31ABD7784E3E}.Release|Any CPU.ActiveCfg = Release|Any CPU
		{BAE086C4-C99F-470C-83B9-31ABD7784E3E}.Release|Any CPU.Build.0 = Release|Any CPU
	EndGlobalSection
	GlobalSection(SolutionProperties) = preSolution
		HideSolutionNode = FALSE
	EndGlobalSection
	GlobalSection(ExtensibilityGlobals) = postSolution
		SolutionGuid = {E4803646-3431-482D-8C59-AA73C20D4645}
	EndGlobalSection
EndGlobal
